{
    "_meta": {
        "hash": {
            "sha256": "4f97e1ab6e2dd6f61cf5210d8f5ea48624c5e82844f98c1dd077ea5959e1cc10"
        },
        "pipfile-spec": 6,
        "requires": {
            "python_version": "3.8"
        },
        "sources": [
            {
                "name": "pypi",
                "url": "https://pypi.org/simple",
                "verify_ssl": true
            }
        ]
    },
    "default": {
        "numpy": {
            "hashes": [
                "sha256:0d245a2bf79188d3f361137608c3cd12ed79076badd743dc660750a9f3074f7c",
                "sha256:26b4018a19d2ad9606ce9089f3d52206a41b23de5dfe8dc947d2ec49ce45d015",
                "sha256:2db01d9838a497ba2aa9a87515aeaf458f42351d72d4e7f3b8ddbd1eba9479f2",
                "sha256:3d62d6b0870b53799204515145935608cdeb4cebb95a26800b6750e48884cc5b",
                "sha256:45a7dfbf9ed8d68fd39763940591db7637cf8817c5bce1a44f7b56c97cbe211e",
                "sha256:4ac4d7c9f8ea2a79d721ebfcce81705fc3cd61a10b731354f1049eb8c99521e8",
                "sha256:60f19c61b589d44fbbab8ff126640ae712e163299c2dd422bfe4edc7ec51aa9b",
                "sha256:632e062569b0fe05654b15ef0e91a53c0a95d08ffe698b66f6ba0f927ad267c2",
                "sha256:65f5e257987601fdfc63f1d02fca4d1c44a2b85b802f03bd6abc2b0b14648dd2",
                "sha256:69958735d5e01f7b38226a6c6e7187d72b7e4d42b6b496aca5860b611ca0c193",
                "sha256:78bfbdf809fc236490e7e65715bbd98377b122f329457fffde206299e163e7f3",
                "sha256:7e957ca8112c689b728037cea9c9567c27cf912741fabda9efc2c7d33d29dfa1",
                "sha256:800dfeaffb2219d49377da1371d710d7952c9533b57f3d51b15e61c4269a1b5b",
                "sha256:831f2df87bd3afdfc77829bc94bd997a7c212663889d56518359c827d7113b1f",
                "sha256:88d54b7b516f0ca38a69590557814de2dd638d7d4ed04864826acaac5ebb8f01",
                "sha256:8d1563060e77096367952fb44fca595f2b2f477156de389ce7c0ade3aef29e21",
                "sha256:b5ec9a5eaf391761c61fd873363ef3560a3614e9b4ead17347e4deda4358bca4",
                "sha256:bcd19dab43b852b03868796f533b5f5561e6c0e3048415e675bec8d2e9d286c1",
                "sha256:c51124df17f012c3b757380782ae46eee85213a3215e51477e559739f57d9bf6",
                "sha256:e348ccf5bc5235fc405ab19d53bec215bb373300e5523c7b476cc0da8a5e9973",
                "sha256:e60ef82c358ded965fdd3132b5738eade055f48067ac8a5a8ac75acc00cad31f",
                "sha256:f8ad59e6e341f38266f1549c7c2ec70ea0e3d1effb62a44e5c3dba41c55f0187"
            ],
            "index": "pypi",
            "version": "==1.22.1"
        },
        "pandas": {
            "hashes": [
                "sha256:02bd4099522892eab97e54afdd30f1841f5464082d2ea8c6a80d98ef906eb971",
                "sha256:0e1e0638b1b8191f167f020579bceb7e91a1b1d428f309a268de64fd2591ea16",
                "sha256:17ebe6df81337c967e5fa63a72569847aafe84a4226bb6d52378c253a104c032",
                "sha256:209babc61877e798e06b974ef267dce7e947ec03655c41303753090cd60c0829",
                "sha256:2419c4f9b9eaa531c59fd04500188f9f1bf59fef483b0bed044be024fa85fafb",
                "sha256:2b0907d656c91b9cbf87fc585e842ac7820bf218d2f0917b5e6fbd7c655b0f3e",
                "sha256:300ebad475f2096ac8492a9ecc32ca63525ecfcbe5dc8b6ab290e15e2b45b092",
                "sha256:6ed78090d232a25dcb421e8c67276401580b349370d42d35dfb6efab4b6c16dc",
                "sha256:7b4c7c8cfd5df891e52d3fdaa5b9b7c3daad76d2affc9eb034fd3499b11815e0",
                "sha256:88e4de96414e759865866f6cd24041136fc75b4a73ec80e92ac5d9a1d6600dfb",
                "sha256:93426398cd9ace7e5d695244bc4b512e99837bd16d7b38f02995a4e744f8946a",
                "sha256:b8befb52ff25e35961fa2e678264514a8eb1ee408b53725ac2f635f100ebf5c7",
                "sha256:c0d453fda0a87d51f5fe65c16a89b64f13a736f4f17c0202cfcff67e6b341a57",
                "sha256:dad0cad077bed80399ef962ce28b90b29ff27bc784464b17799127f16a67bf77",
                "sha256:db0ce40a09ed997e2c66cefd20ef92620a71010474bbe436a10b78bdc6b07fd4",
                "sha256:dba9effcd053f882eee5df8b6800a8c2389a365276ecdded3f49f7d906fd56be",
                "sha256:e1014df6abaed4cefbfb6e5943f1489f711799bcffd1ac7e8f94dbe8e88430cd",
                "sha256:e11e4df8ea21231b6ed2bf3d35648c57d8046bd08840606095faeaceffe219e7",
                "sha256:e1a84925710d91fb23e0b459b2aa020cc0e27991507ca83bec2295aebcb65912",
                "sha256:e804aefe4b00043818e3df48d3fbc6c9bfb9364b53d5d7b5ec49b8d445002900",
                "sha256:ea41ec99170fa2018b3a3067936a83a52568ae970bcdc317f82bb64ec59fa90c"
            ],
            "index": "pypi",
            "version": "==1.4.0rc0"
        },
        "python-dateutil": {
            "hashes": [
                "sha256:0123cacc1627ae19ddf3c27a5de5bd67ee4586fbdd6440d9748f8abb483d3e86",
                "sha256:961d03dc3453ebbc59dbdea9e4e11c5651520a876d0f4db161e8674aae935da9"
            ],
            "markers": "python_version >= '2.7' and python_version not in '3.0, 3.1, 3.2, 3.3'",
            "version": "==2.8.2"
        },
        "pytz": {
            "hashes": [
                "sha256:3672058bc3453457b622aab7a1c3bfd5ab0bdae451512f6cf25f64ed37f5b87c",
                "sha256:acad2d8b20a1af07d4e4c9d2e9285c5ed9104354062f275f3fcd88dcef4f1326"
            ],
            "version": "==2021.3"
        },
        "six": {
            "hashes": [
                "sha256:1e61c37477a1626458e36f7b1d82aa5c9b094fa4802892072e49de9c60c4c926",
                "sha256:8abb2f1d86890a2dfb989f9a77cfcfd3e47c2a354b01111771326f8aa26e0254"
            ],
            "markers": "python_version >= '2.7' and python_version not in '3.0, 3.1, 3.2, 3.3'",
            "version": "==1.16.0"
        }
    },
    "develop": {}
}
